{
  "nodes": {
    "mach-nix": {
      "flake": false,
      "locked": {
        "lastModified": 1634711045,
        "narHash": "sha256-m5A2Ty88NChLyFhXucECj6+AuiMZPHXNbw+9Kcs7F6Y=",
        "owner": "DavHau",
        "repo": "mach-nix",
        "rev": "4433f74a97b94b596fa6cd9b9c0402104aceef5d",
        "type": "github"
      },
      "original": {
        "id": "mach-nix",
        "type": "indirect"
      }
    },
    "nix-parsec": {
      "flake": false,
      "locked": {
        "lastModified": 1614150306,
        "narHash": "sha256-h5fZgIhwvekg5WTNDdrV5EJ4zxXvlSqITmPVuz/OM+w=",
        "owner": "nprindle",
        "repo": "nix-parsec",
        "rev": "a28e73fce98227cc46edfdbb8518697c0982e034",
        "type": "github"
      },
      "original": {
        "owner": "nprindle",
        "repo": "nix-parsec",
        "type": "github"
      }
    },
    "nixpkgs": {
      "locked": {
        "lastModified": 1634782485,
        "narHash": "sha256-psfh4OQSokGXG0lpq3zKFbhOo3QfoeudRcaUnwMRkQo=",
        "owner": "NixOS",
        "repo": "nixpkgs",
        "rev": "34ad3ffe08adfca17fcb4e4a47bb5f3b113687be",
        "type": "github"
      },
      "original": {
        "id": "nixpkgs",
        "ref": "nixos-unstable",
        "type": "indirect"
      }
    },
    "node2nix": {
      "flake": false,
      "locked": {
        "lastModified": 1634916276,
        "narHash": "sha256-lov2b/8ydYjq+MhKQugmWV2lFnq35AU5RTRBTfLq7B4=",
        "owner": "svanderburg",
        "repo": "node2nix",
        "rev": "644e90c0304038a446ed53efc97e9eb1e2831e71",
        "type": "github"
      },
      "original": {
        "owner": "svanderburg",
        "repo": "node2nix",
        "type": "github"
      }
    },
    "root": {
      "inputs": {
        "mach-nix": "mach-nix",
        "nix-parsec": "nix-parsec",
        "nixpkgs": "nixpkgs",
        "node2nix": "node2nix"
      }
    }
  },
  "root": "root",
  "version": 7
}
