{
  "nodes": {
    "devshell": {
      "flake": false,
      "locked": {
        "lastModified": 1663445644,
        "narHash": "sha256-+xVlcK60x7VY1vRJbNUEAHi17ZuoQxAIH4S4iUFUGBA=",
        "owner": "numtide",
        "repo": "devshell",
        "rev": "e3dc3e21594fe07bdb24bdf1c8657acaa4cb8f66",
        "type": "github"
      },
      "original": {
        "owner": "numtide",
        "repo": "devshell",
        "type": "github"
      }
    },
    "dream2nix": {
      "inputs": {
        "devshell": "devshell",
        "drv-parts": "drv-parts",
        "flake-compat": "flake-compat",
        "flake-parts": "flake-parts",
        "nixpkgs": "nixpkgs",
        "pre-commit-hooks": "pre-commit-hooks"
      },
      "locked": {
        "lastModified": 0,
        "narHash": "sha256-8pfr+KJJlI/G/nxqgKW+kll5AfFQhnFAvkApGjgrq5E=",
        "path": "/nix/store/dxj6h9jj42xp9049vri3fs1y4gr05qnf-source",
        "type": "path"
      },
      "original": {
        "path": "/nix/store/dxj6h9jj42xp9049vri3fs1y4gr05qnf-source",
        "type": "path"
      }
    },
    "drv-parts": {
      "inputs": {
        "flake-compat": [
          "dream2nix",
          "flake-compat"
        ],
        "flake-parts": [
          "dream2nix",
          "flake-parts"
        ],
        "nixpkgs": [
          "dream2nix",
          "nixpkgs"
        ]
      },
      "locked": {
        "lastModified": 1680698112,
        "narHash": "sha256-FgnobN/DvCjEsc0UAZEAdPLkL4IZi2ZMnu2K2bUaElc=",
        "owner": "davhau",
        "repo": "drv-parts",
        "rev": "e8c2ec1157dc1edb002989669a0dbd935f430201",
        "type": "github"
      },
      "original": {
        "owner": "davhau",
        "repo": "drv-parts",
        "type": "github"
      }
    },
    "flake-compat": {
      "flake": false,
      "locked": {
        "lastModified": 1673956053,
        "narHash": "sha256-4gtG9iQuiKITOjNQQeQIpoIB6b16fm+504Ch3sNKLd8=",
        "owner": "edolstra",
        "repo": "flake-compat",
        "rev": "35bb57c0c8d8b62bbfd284272c928ceb64ddbde9",
        "type": "github"
      },
      "original": {
        "owner": "edolstra",
        "repo": "flake-compat",
        "type": "github"
      }
    },
    "flake-parts": {
      "inputs": {
        "nixpkgs-lib": [
          "dream2nix",
          "nixpkgs"
        ]
      },
      "locked": {
        "lastModified": 1675933616,
        "narHash": "sha256-/rczJkJHtx16IFxMmAWu5nNYcSXNg1YYXTHoGjLrLUA=",
        "owner": "hercules-ci",
        "repo": "flake-parts",
        "rev": "47478a4a003e745402acf63be7f9a092d51b83d7",
        "type": "github"
      },
      "original": {
        "owner": "hercules-ci",
        "repo": "flake-parts",
        "type": "github"
      }
    },
    "flake-utils": {
      "inputs": {
        "systems": "systems"
      },
      "locked": {
        "lastModified": 1689068808,
        "narHash": "sha256-6ixXo3wt24N/melDWjq70UuHQLxGV8jZvooRanIHXw0=",
        "owner": "numtide",
        "repo": "flake-utils",
        "rev": "919d646de7be200f3bf08cb76ae1f09402b6f9b4",
        "type": "github"
      },
      "original": {
        "owner": "numtide",
        "repo": "flake-utils",
        "type": "github"
      }
    },
    "flake-utils_2": {
      "inputs": {
        "systems": "systems_2"
      },
      "locked": {
        "lastModified": 1689068808,
        "narHash": "sha256-6ixXo3wt24N/melDWjq70UuHQLxGV8jZvooRanIHXw0=",
        "owner": "numtide",
        "repo": "flake-utils",
        "rev": "919d646de7be200f3bf08cb76ae1f09402b6f9b4",
        "type": "github"
      },
      "original": {
        "owner": "numtide",
        "repo": "flake-utils",
        "type": "github"
      }
    },
    "nixpkgs": {
      "locked": {
        "lastModified": 1686501370,
        "narHash": "sha256-G0WuM9fqTPRc2URKP9Lgi5nhZMqsfHGrdEbrLvAPJcg=",
        "owner": "NixOS",
        "repo": "nixpkgs",
        "rev": "75a5ebf473cd60148ba9aec0d219f72e5cf52519",
        "type": "github"
      },
      "original": {
        "id": "nixpkgs",
        "ref": "nixos-unstable",
        "type": "indirect"
      }
    },
    "nixpkgs_2": {
      "locked": {
        "lastModified": 1689752456,
        "narHash": "sha256-VOChdECcEI8ixz8QY+YC4JaNEFwQd1V8bA0G4B28Ki0=",
        "owner": "NixOS",
        "repo": "nixpkgs",
        "rev": "7f256d7da238cb627ef189d56ed590739f42f13b",
        "type": "github"
      },
      "original": {
        "id": "nixpkgs",
        "type": "indirect"
      }
    },
    "pre-commit-hooks": {
      "inputs": {
        "flake-utils": "flake-utils",
        "nixpkgs": [
          "dream2nix",
          "nixpkgs"
        ]
      },
      "locked": {
        "lastModified": 1646153636,
        "narHash": "sha256-AlWHMzK+xJ1mG267FdT8dCq/HvLCA6jwmx2ZUy5O8tY=",
        "owner": "cachix",
        "repo": "pre-commit-hooks.nix",
        "rev": "b6bc0b21e1617e2b07d8205e7fae7224036dfa4b",
        "type": "github"
      },
      "original": {
        "owner": "cachix",
        "repo": "pre-commit-hooks.nix",
        "type": "github"
      }
    },
    "root": {
      "inputs": {
        "dream2nix": "dream2nix",
        "flake-utils": "flake-utils_2",
        "nixpkgs": "nixpkgs_2"
      }
    },
    "systems": {
      "locked": {
        "lastModified": 1681028828,
        "narHash": "sha256-Vy1rq5AaRuLzOxct8nz4T6wlgyUR7zLU309k9mBC768=",
        "owner": "nix-systems",
        "repo": "default",
        "rev": "da67096a3b9bf56a91d16901293e51ba5b49a27e",
        "type": "github"
      },
      "original": {
        "owner": "nix-systems",
        "repo": "default",
        "type": "github"
      }
    },
    "systems_2": {
      "locked": {
        "lastModified": 1681028828,
        "narHash": "sha256-Vy1rq5AaRuLzOxct8nz4T6wlgyUR7zLU309k9mBC768=",
        "owner": "nix-systems",
        "repo": "default",
        "rev": "da67096a3b9bf56a91d16901293e51ba5b49a27e",
        "type": "github"
      },
      "original": {
        "owner": "nix-systems",
        "repo": "default",
        "type": "github"
      }
    }
  },
  "root": "root",
  "version": 7
}
