# This file is @generated by PDM.
# It is not intended for manual editing.

[metadata]
groups = ["default", "default", "dev"]
strategy = ["cross_platform"]
lock_version = "4.4"
content_hash = "sha256:ac27f396f238ef001a11c5abacfd9412eafa638da66cfe9d079176e5c2b30c31"

[[package]]
name = "pyjwt"
version = "2.8.0"
requires_python = ">=3.7"
summary = "JSON Web Token implementation in Python"
files = [
    {file = "PyJWT-2.8.0.tar.gz", hash = "sha256:57e28d156e3d5c10088e0c68abb90bfac3df82b40a71bd0daa20c65ccd5c23de"},
]

[[package]]
name = "pyjwt"
version = "2.8.0"
extras = ["crypto"]
requires_python = ">=3.7"
summary = "JSON Web Token implementation in Python"
dependencies = [
    "cryptography>=3.4.0",
    "pyjwt==2.8.0",
]
files = [
    {file = "PyJWT-2.8.0.tar.gz", hash = "sha256:57e28d156e3d5c10088e0c68abb90bfac3df82b40a71bd0daa20c65ccd5c23de"},
]

[[package]]
name = "cffi"
version = "1.16.0"
requires_python = ">=3.8"
summary = "Foreign Function Interface for Python calling C code."
dependencies = [
    "pycparser",
]
files = [
    {file = "cffi-1.16.0.tar.gz", hash = "sha256:bcb3ef43e58665bbda2fb198698fcae6776483e0c4a631aa5647806c25e02cc0"},
]

[[package]]
name = "cryptography"
version = "41.0.7"
requires_python = ">=3.7"
summary = "cryptography is a package which provides cryptographic recipes and primitives to Python developers."
dependencies = [
    "cffi>=1.12",
]
files = [
    {file = "cryptography-41.0.7.tar.gz", hash = "sha256:13f93ce9bea8016c253b34afc6bd6a75993e5c40672ed5405a9c832f0d4a00bc"},
]

[[package]]
name = "pycparser"
version = "2.21"
requires_python = ">=2.7, !=3.0.*, !=3.1.*, !=3.2.*, !=3.3.*"
summary = "C parser in Python"
files = [
    {file = "pycparser-2.21.tar.gz", hash = "sha256:e644fdec12f7872f86c58ff790da456218b10f863970249516d60a5eaca77206"},
]
