{
  "name": "minimal",
  "version": "1.0.0",
  "lockfileVersion": 3,
  "requires": true,
  "packages": {
    "": {
      "name": "minimal",
      "version": "1.0.0",
      "dependencies": {
        "kitten": "^0.0.2"
      }
    },
    "node_modules/@org/nested/node_modules/kitten": {
      "version": "1.0.0",
      "resolved": "https://registry.npmjs.org/kitten/-/kitten-0.0.2.tgz",
      "integrity": "sha512-OAxjUlTdnuVacqvwmjfz40qqVv4zc7Y8/l2p0FEpNKnEXdn4DlKaxPQRGyU1VdvORAIAaQqcBP5O33S5WhCeIQ==",
      "extraneous": true
    },
    "node_modules/argparse": {
      "version": "0.1.16",
      "resolved": "https://registry.npmjs.org/argparse/-/argparse-0.1.16.tgz",
      "integrity": "sha512-LjmC2dNpdn2L4UzyoaIr11ELYoLn37ZFy9zObrQFHsSuOepeUEMKnM8w5KL4Tnrp2gy88rRuQt6Ky8Bjml+Baw==",
      "dependencies": {
        "underscore": "~1.7.0",
        "underscore.string": "~2.4.0"
      }
    },
    "node_modules/async": {
      "version": "0.2.10",
      "resolved": "https://registry.npmjs.org/async/-/async-0.2.10.tgz",
      "integrity": "sha512-eAkdoKxU6/LkKDBzLpT+t6Ff5EtfSF4wx1WfJiPEEV7WNLnDaRXk0oVysiEPm262roaachGexwUv94WhSgN5TQ=="
    },
    "node_modules/esprima": {
      "version": "1.0.4",
      "resolved": "https://registry.npmjs.org/esprima/-/esprima-1.0.4.tgz",
      "integrity": "sha512-rp5dMKN8zEs9dfi9g0X1ClLmV//WRyk/R15mppFNICIFRG5P92VP7Z04p8pk++gABo9W2tY+kHyu6P1mEHgmTA==",
      "bin": {
        "esparse": "bin/esparse.js",
        "esvalidate": "bin/esvalidate.js"
      },
      "engines": {
        "node": ">=0.4.0"
      }
    },
    "node_modules/js-yaml": {
      "version": "2.1.3",
      "resolved": "https://registry.npmjs.org/js-yaml/-/js-yaml-2.1.3.tgz",
      "integrity": "sha512-2ElQ5tUBsI5GIjddfYGdudelD5+9JM9FfJXlrn+Mj3k72t4XrqBr3vf3+1sky0WKC3dSVhF0ZqIUpX9QFBmmfQ==",
      "dependencies": {
        "argparse": "~ 0.1.11",
        "esprima": "~ 1.0.2"
      },
      "bin": {
        "js-yaml": "bin/js-yaml.js"
      },
      "engines": {
        "node": ">= 0.6.0"
      }
    },
    "node_modules/kitten": {
      "version": "0.0.2",
      "resolved": "https://registry.npmjs.org/kitten/-/kitten-0.0.2.tgz",
      "integrity": "sha512-OAxjUlTdnuVacqvwmjfz40qqVv4zc7Y8/l2p0FEpNKnEXdn4DlKaxPQRGyU1VdvORAIAaQqcBP5O33S5WhCeIQ==",
      "dependencies": {
        "async": "0.2.x",
        "js-yaml": "2.1.x",
        "lodash": "1.3.x"
      },
      "engines": {
        "node": ">=0.8.x"
      }
    },
    "node_modules/lodash": {
      "version": "1.3.1",
      "resolved": "https://registry.npmjs.org/lodash/-/lodash-1.3.1.tgz",
      "integrity": "sha512-F7AB8u+6d00CCgnbjWzq9fFLpzOMCgq6mPjOW4+8+dYbrnc0obRrC+IHctzfZ1KKTQxX0xo/punrlpOWcf4gpw==",
      "engines": [
        "node",
        "rhino"
      ]
    },
    "node_modules/underscore": {
      "version": "1.7.0",
      "resolved": "https://registry.npmjs.org/underscore/-/underscore-1.7.0.tgz",
      "integrity": "sha512-cp0oQQyZhUM1kpJDLdGO1jPZHgS/MpzoWYfe9+CM2h/QGDZlqwT2T3YGukuBdaNJ/CAPoeyAZRRHz8JFo176vA=="
    },
    "node_modules/underscore.string": {
      "version": "2.4.0",
      "resolved": "https://registry.npmjs.org/underscore.string/-/underscore.string-2.4.0.tgz",
      "integrity": "sha512-yxkabuCaIBnzfIvX3kBxQqCs0ar/bfJwDnFEHJUm/ZrRVhT3IItdRF5cZjARLzEnyQYtIUhsZ2LG2j3HidFOFQ==",
      "engines": {
        "node": "*"
      }
    }
  }
}
