# This file is @generated by PDM.
# It is not intended for manual editing.

[[package]]
name = "certifi"
version = "2023.7.22"
requires_python = ">=3.6"
summary = "Python package for providing Mozilla's CA Bundle."

[[package]]
name = "charset-normalizer"
version = "3.2.0"
requires_python = ">=3.7.0"
summary = "The Real First Universal Charset Detector. Open, modern and actively maintained alternative to Chardet."

[[package]]
name = "idna"
version = "3.4"
requires_python = ">=3.5"
summary = "Internationalized Domain Names in Applications (IDNA)"

[[package]]
name = "pi"
version = "0.1.2"
summary = "Simpler python package installation"

[[package]]
name = "requests"
version = "2.31.0"
requires_python = ">=3.7"
summary = "Python HTTP for Humans."
dependencies = [
    "certifi>=2017.4.17",
    "charset-normalizer<4,>=2",
    "idna<4,>=2.5",
    "urllib3<3,>=1.21.1",
]

[[package]]
name = "urllib3"
version = "2.0.5"
requires_python = ">=3.7"
summary = "HTTP library with thread-safe connection pooling, file post, and more."

[metadata]
lock_version = "4.2"
cross_platform = true
groups = ["default", "dev"]
content_hash = "sha256:6b124fd8499d7ddefb13cb60a64760b0601a8db060263247076bc4f4309cd6cd"

[metadata.files]
"certifi 2023.7.22" = [
    {url = "https://files.pythonhosted.org/packages/4c/dd/2234eab22353ffc7d94e8d13177aaa050113286e93e7b40eae01fbf7c3d9/certifi-2023.7.22-py3-none-any.whl", hash = "sha256:92d6037539857d8206b8f6ae472e8b77db8058fec5937a1ef3f54304089edbb9"},
    {url = "https://files.pythonhosted.org/packages/98/98/c2ff18671db109c9f10ed27f5ef610ae05b73bd876664139cf95bd1429aa/certifi-2023.7.22.tar.gz", hash = "sha256:539cc1d13202e33ca466e88b2807e29f4c13049d6d87031a3c110744495cb082"},
]
"charset-normalizer 3.2.0" = [
    {url = "https://files.pythonhosted.org/packages/08/f7/3f36bb1d0d74846155c7e3bf1477004c41243bb510f9082e785809787735/charset_normalizer-3.2.0-cp310-cp310-manylinux_2_5_i686.manylinux1_i686.manylinux_2_17_i686.manylinux2014_i686.whl", hash = "sha256:09393e1b2a9461950b1c9a45d5fd251dc7c6f228acab64da1c9c0165d9c7765c"},
    {url = "https://files.pythonhosted.org/packages/09/79/1b7af063e7c57a51aab7f2aaccd79bb8a694dfae668e8aa79b0b045b17bc/charset_normalizer-3.2.0-cp39-cp39-macosx_10_9_universal2.whl", hash = "sha256:855eafa5d5a2034b4621c74925d89c5efef61418570e5ef9b37717d9c796419c"},
    {url = "https://files.pythonhosted.org/packages/0d/dd/e598cc4e4052aa0779d4c6d5e9840d21ed238834944ccfbc6b33f792c426/charset_normalizer-3.2.0-cp38-cp38-musllinux_1_1_s390x.whl", hash = "sha256:e6a5bf2cba5ae1bb80b154ed68a3cfa2fa00fde979a7f50d6598d3e17d9ac20c"},
    {url = "https://files.pythonhosted.org/packages/0f/16/8d50877a7215d31f024245a0acbda9e484dd70a21794f3109a6d8eaeba99/charset_normalizer-3.2.0-cp311-cp311-macosx_10_9_x86_64.whl", hash = "sha256:46fb8c61d794b78ec7134a715a3e564aafc8f6b5e338417cb19fe9f57a5a9bf2"},
    {url = "https://files.pythonhosted.org/packages/13/de/10c14aa51375b90ed62232935e6c8997756178e6972c7695cdf0500a60ad/charset_normalizer-3.2.0-cp38-cp38-manylinux_2_17_s390x.manylinux2014_s390x.whl", hash = "sha256:f87f746ee241d30d6ed93969de31e5ffd09a2961a051e60ae6bddde9ec3583aa"},
    {url = "https://files.pythonhosted.org/packages/16/36/72dcb89fbd0ff89c556ed4a2cc79fc1b262dcc95e9082d8a5911744dadc9/charset_normalizer-3.2.0-cp37-cp37m-musllinux_1_1_x86_64.whl", hash = "sha256:70c610f6cbe4b9fce272c407dd9d07e33e6bf7b4aa1b7ffb6f6ded8e634e3592"},
    {url = "https://files.pythonhosted.org/packages/19/9f/552f15cb1dade9332d6f0208fa3e6c21bb3eecf1c89862413ed8a3c75900/charset_normalizer-3.2.0-cp37-cp37m-win_amd64.whl", hash = "sha256:c0b21078a4b56965e2b12f247467b234734491897e99c1d51cee628da9786959"},
    {url = "https://files.pythonhosted.org/packages/1b/2c/7376d101efdec15e61e9861890cf107c6ce3cceba89eb87cc416ee0528cd/charset_normalizer-3.2.0-cp39-cp39-musllinux_1_1_ppc64le.whl", hash = "sha256:c8063cf17b19661471ecbdb3df1c84f24ad2e389e326ccaf89e3fb2484d8dd7e"},
    {url = "https://files.pythonhosted.org/packages/23/59/8011a01cd8b904d08d86b4a49f407e713d20ee34155300dc698892a29f8b/charset_normalizer-3.2.0-cp39-cp39-manylinux_2_5_i686.manylinux1_i686.manylinux_2_17_i686.manylinux2014_i686.whl", hash = "sha256:1920d4ff15ce893210c1f0c0e9d19bfbecb7983c76b33f046c13a8ffbd570252"},
    {url = "https://files.pythonhosted.org/packages/27/19/49de2049561eca73233ba0ed7a843c184d364ef3b8886969a48d6793c830/charset_normalizer-3.2.0-cp311-cp311-musllinux_1_1_s390x.whl", hash = "sha256:3b1613dd5aee995ec6d4c69f00378bbd07614702a315a2cf6c1d21461fe17c23"},
    {url = "https://files.pythonhosted.org/packages/28/ec/cda85baa366071c48593774eb59a5031793dd974fa26f4982829e971df6b/charset_normalizer-3.2.0-cp311-cp311-manylinux_2_17_aarch64.manylinux2014_aarch64.whl", hash = "sha256:f25c229a6ba38a35ae6e25ca1264621cc25d4d38dca2942a7fce0b67a4efe918"},
    {url = "https://files.pythonhosted.org/packages/2a/53/cf0a48de1bdcf6ff6e1c9a023f5f523dfe303e4024f216feac64b6eb7f67/charset-normalizer-3.2.0.tar.gz", hash = "sha256:3bb3d25a8e6c0aedd251753a79ae98a093c7e7b471faa3aa9a93a81431987ace"},
    {url = "https://files.pythonhosted.org/packages/2e/29/dc806e009ddb357371458de3e93cfde78ea6e5c995df008fb6b048769457/charset_normalizer-3.2.0-cp311-cp311-manylinux_2_17_s390x.manylinux2014_s390x.whl", hash = "sha256:1f30b48dd7fa1474554b0b0f3fdfdd4c13b5c737a3c6284d3cdc424ec0ffff3a"},
    {url = "https://files.pythonhosted.org/packages/2e/56/faee2b51d73e9675b4766366d925f17c253797e5839c28e1c720ec9dfbfc/charset_normalizer-3.2.0-cp38-cp38-manylinux_2_17_ppc64le.manylinux2014_ppc64le.whl", hash = "sha256:a38856a971c602f98472050165cea2cdc97709240373041b69030be15047691f"},
    {url = "https://files.pythonhosted.org/packages/31/e9/ae16eca3cf24a15ebfb1e36d755c884a91d61ed40de5e612de6555827729/charset_normalizer-3.2.0-cp37-cp37m-musllinux_1_1_s390x.whl", hash = "sha256:72814c01533f51d68702802d74f77ea026b5ec52793c791e2da806a3844a46c3"},
    {url = "https://files.pythonhosted.org/packages/3d/91/47454b64516f83c5affdcdb0398bff540185d2c37b687410d67507006624/charset_normalizer-3.2.0-cp38-cp38-win32.whl", hash = "sha256:1000fba1057b92a65daec275aec30586c3de2401ccdcd41f8a5c1e2c87078706"},
    {url = "https://files.pythonhosted.org/packages/45/60/1b2113fe172ac66ac4d210034e937ebe0be30bcae9a7a4d2ae5ad3c018b3/charset_normalizer-3.2.0-cp310-cp310-manylinux_2_17_s390x.manylinux2014_s390x.whl", hash = "sha256:b0dac0ff919ba34d4df1b6131f59ce95b08b9065233446be7e459f95554c0dc8"},
    {url = "https://files.pythonhosted.org/packages/47/03/2cde6c5fba0115e8726272aabfca33b9d84d377cc11c4bab092fa9617d7a/charset_normalizer-3.2.0-cp39-cp39-manylinux_2_17_aarch64.manylinux2014_aarch64.whl", hash = "sha256:5e86d77b090dbddbe78867a0275cb4df08ea195e660f1f7f13435a4649e954e5"},
    {url = "https://files.pythonhosted.org/packages/47/71/2ce8dca3e8cf1f65c36b6317cf68382bb259966e3a208da6e5550029ab79/charset_normalizer-3.2.0-cp38-cp38-musllinux_1_1_x86_64.whl", hash = "sha256:45de3f87179c1823e6d9e32156fb14c1927fcc9aba21433f088fdfb555b77c10"},
    {url = "https://files.pythonhosted.org/packages/49/60/87a026215ed77184c413ebb85bafa6c0a998bdc0d1e03b894fa326f2b0f9/charset_normalizer-3.2.0-cp38-cp38-manylinux_2_5_i686.manylinux1_i686.manylinux_2_17_i686.manylinux2014_i686.whl", hash = "sha256:e1c8a2f4c69e08e89632defbfabec2feb8a8d99edc9f89ce33c4b9e36ab63037"},
    {url = "https://files.pythonhosted.org/packages/4a/46/a22af93e707f0d3c3865a2c21b4363c778239f5a6405aadd220992ac3058/charset_normalizer-3.2.0-cp39-cp39-manylinux_2_17_ppc64le.manylinux2014_ppc64le.whl", hash = "sha256:c4fb39a81950ec280984b3a44f5bd12819953dc5fa3a7e6fa7a80db5ee853952"},
    {url = "https://files.pythonhosted.org/packages/4d/ce/8ce85a7d61bbfb5e49094040642f1558b3cf6cf2ad91bbb3616a967dea38/charset_normalizer-3.2.0-cp37-cp37m-musllinux_1_1_i686.whl", hash = "sha256:c4983bf937209c57240cff65906b18bb35e64ae872da6a0db937d7b4af845dd7"},
    {url = "https://files.pythonhosted.org/packages/59/8e/62651b09599938e5e6d068ea723fd22d3f8c14d773c3c11c58e5e7d1eab7/charset_normalizer-3.2.0-cp311-cp311-manylinux_2_5_i686.manylinux1_i686.manylinux_2_17_i686.manylinux2014_i686.whl", hash = "sha256:9bd9b3b31adcb054116447ea22caa61a285d92e94d710aa5ec97992ff5eb7cf3"},
    {url = "https://files.pythonhosted.org/packages/5a/60/eeb158f11b0dee921d3e44bf37971271060b234ee60b14fa16ccc1947cbe/charset_normalizer-3.2.0-cp37-cp37m-manylinux_2_17_ppc64le.manylinux2014_ppc64le.whl", hash = "sha256:f058f6963fd82eb143c692cecdc89e075fa0828db2e5b291070485390b2f1c9c"},
    {url = "https://files.pythonhosted.org/packages/5c/f2/f3faa20684729d3910af2ee142e30432c7a46a817eadeeab87366ed87bbb/charset_normalizer-3.2.0-cp310-cp310-win_amd64.whl", hash = "sha256:48021783bdf96e3d6de03a6e39a1171ed5bd7e8bb93fc84cc649d11490f87cea"},
    {url = "https://files.pythonhosted.org/packages/5d/28/f69dac79bf3986a52bc2f7dc561360c2c9c88cb0270738d86ee5a3d8a0ba/charset_normalizer-3.2.0-cp37-cp37m-win32.whl", hash = "sha256:a401b4598e5d3f4a9a811f3daf42ee2291790c7f9d74b18d75d6e21dda98a1a1"},
    {url = "https://files.pythonhosted.org/packages/5f/52/e8ca03368aeecdd5c0057bd1f8ef189796d232b152e3de4244bb5a72d135/charset_normalizer-3.2.0-cp37-cp37m-manylinux_2_5_i686.manylinux1_i686.manylinux_2_17_i686.manylinux2014_i686.whl", hash = "sha256:e03b8895a6990c9ab2cdcd0f2fe44088ca1c65ae592b8f795c3294af00a461c3"},
    {url = "https://files.pythonhosted.org/packages/63/f9/14ffa4b88c1b42837dfa488b0943b7bd7f54f5b63135bf97e5001f6957e7/charset_normalizer-3.2.0-cp37-cp37m-manylinux_2_17_s390x.manylinux2014_s390x.whl", hash = "sha256:a7647ebdfb9682b7bb97e2a5e7cb6ae735b1c25008a70b906aecca294ee96cf4"},
    {url = "https://files.pythonhosted.org/packages/6b/b2/9d0c8fe83572a37bd66150399e289d8e96d62eca359ffa67c021b4120887/charset_normalizer-3.2.0-cp38-cp38-win_amd64.whl", hash = "sha256:8b2c760cfc7042b27ebdb4a43a4453bd829a5742503599144d54a032c5dc7e9e"},
    {url = "https://files.pythonhosted.org/packages/6b/b7/f042568ee89c378b457f73fda1642fd3b795df79c285520e4ec8a74c8b09/charset_normalizer-3.2.0-cp310-cp310-musllinux_1_1_aarch64.whl", hash = "sha256:baacc6aee0b2ef6f3d308e197b5d7a81c0e70b06beae1f1fcacffdbd124fe0e3"},
    {url = "https://files.pythonhosted.org/packages/6f/14/8e317fa69483a2823ea358a77e243c37f23f536a7add1b605460269593b5/charset_normalizer-3.2.0-cp311-cp311-musllinux_1_1_x86_64.whl", hash = "sha256:9e608aafdb55eb9f255034709e20d5a83b6d60c054df0802fa9c9883d0a937aa"},
    {url = "https://files.pythonhosted.org/packages/79/55/9aef5046a1765acacf28f80994f5a964ab4f43ab75208b1265191a11004b/charset_normalizer-3.2.0-cp38-cp38-macosx_10_9_x86_64.whl", hash = "sha256:1a100c6d595a7f316f1b6f01d20815d916e75ff98c27a01ae817439ea7726329"},
    {url = "https://files.pythonhosted.org/packages/7b/c6/7f75892d87d7afcf8ed909f3e74de1bc61abd9d77cd9aab1f449430856c5/charset_normalizer-3.2.0-cp39-cp39-macosx_10_9_x86_64.whl", hash = "sha256:203f0c8871d5a7987be20c72442488a0b8cfd0f43b7973771640fc593f56321f"},
    {url = "https://files.pythonhosted.org/packages/80/75/eadff07a61d5602b6b19859d464bc0983654ae79114ef8aa15797b02271c/charset_normalizer-3.2.0-cp39-cp39-manylinux_2_17_s390x.manylinux2014_s390x.whl", hash = "sha256:2dee8e57f052ef5353cf608e0b4c871aee320dd1b87d351c28764fc0ca55f9f4"},
    {url = "https://files.pythonhosted.org/packages/81/a0/96317ce912b512b7998434eae5e24b28bcc5f1680ad85348e31e1ca56332/charset_normalizer-3.2.0-cp310-cp310-macosx_10_9_x86_64.whl", hash = "sha256:7c70087bfee18a42b4040bb9ec1ca15a08242cf5867c58726530bdf3945672ed"},
    {url = "https://files.pythonhosted.org/packages/85/52/77ab28e0eb07f12a02732c55abfc3be481bd46c91d5ade76a8904dfb59a4/charset_normalizer-3.2.0-cp39-cp39-musllinux_1_1_aarch64.whl", hash = "sha256:c1c76a1743432b4b60ab3358c937a3fe1341c828ae6194108a94c69028247f22"},
    {url = "https://files.pythonhosted.org/packages/89/f5/88e9dd454756fea555198ddbe6fa40d6408ec4f10ad4f0a911e0b7e471e4/charset_normalizer-3.2.0-cp37-cp37m-manylinux_2_17_x86_64.manylinux2014_x86_64.whl", hash = "sha256:eef9df1eefada2c09a5e7a40991b9fc6ac6ef20b1372abd48d2794a316dc0449"},
    {url = "https://files.pythonhosted.org/packages/8b/b4/e6da7d4c044852d7a08ba945868eaefa32e8c43665e746f420ef14bdb130/charset_normalizer-3.2.0-cp39-cp39-win32.whl", hash = "sha256:6c409c0deba34f147f77efaa67b8e4bb83d2f11c8806405f76397ae5b8c0d1c9"},
    {url = "https://files.pythonhosted.org/packages/8b/c4/62b920ec8f4ec7b55cd29db894ced9a649214fd506295ac19fb786fe3c6f/charset_normalizer-3.2.0-cp310-cp310-musllinux_1_1_ppc64le.whl", hash = "sha256:c04a46716adde8d927adb9457bbe39cf473e1e2c2f5d0a16ceb837e5d841ad4f"},
    {url = "https://files.pythonhosted.org/packages/8e/a2/77cf1f042a4697822070fd5f3f5f58fd0e3ee798d040e3863eac43e3a2e5/charset_normalizer-3.2.0-cp311-cp311-macosx_10_9_universal2.whl", hash = "sha256:4957669ef390f0e6719db3613ab3a7631e68424604a7b448f079bee145da6e09"},
    {url = "https://files.pythonhosted.org/packages/91/6e/db0e545302bf93b6dbbdc496dd192c7f8e8c3bb1584acba069256d8b51d4/charset_normalizer-3.2.0-cp311-cp311-win_amd64.whl", hash = "sha256:681eb3d7e02e3c3655d1b16059fbfb605ac464c834a0c629048a30fad2b27489"},
    {url = "https://files.pythonhosted.org/packages/91/e6/8fa919fc84a106e9b04109de62bdf8526899e2754a64da66e1cd50ac1faa/charset_normalizer-3.2.0-cp311-cp311-macosx_11_0_arm64.whl", hash = "sha256:f779d3ad205f108d14e99bb3859aa7dd8e9c68874617c72354d7ecaec2a054ac"},
    {url = "https://files.pythonhosted.org/packages/94/fc/53e12f67fff7a127fe2998de3469a9856c6c7cf67f18dc5f417df3e5e60f/charset_normalizer-3.2.0-cp37-cp37m-musllinux_1_1_ppc64le.whl", hash = "sha256:3bb7fda7260735efe66d5107fb7e6af6a7c04c7fce9b2514e04b7a74b06bf5dd"},
    {url = "https://files.pythonhosted.org/packages/95/d2/6f25fddfbe31448ceea236e03b70d2bbd647d4bc9148bf9665307794c4f2/charset_normalizer-3.2.0-cp310-cp310-musllinux_1_1_x86_64.whl", hash = "sha256:d62e51710986674142526ab9f78663ca2b0726066ae26b78b22e0f5e571238dd"},
    {url = "https://files.pythonhosted.org/packages/95/d3/ed29b2d14ec9044a223dcf7c439fa550ef9c6d06c9372cd332374d990559/charset_normalizer-3.2.0-cp39-cp39-musllinux_1_1_s390x.whl", hash = "sha256:cd6dbe0238f7743d0efe563ab46294f54f9bc8f4b9bcf57c3c666cc5bc9d1299"},
    {url = "https://files.pythonhosted.org/packages/95/ee/8bb03c3518a228dc5956d1b4f46d8258639ff118881fba456b72b06561cf/charset_normalizer-3.2.0-cp37-cp37m-macosx_10_9_x86_64.whl", hash = "sha256:c57921cda3a80d0f2b8aec7e25c8aa14479ea92b5b51b6876d975d925a2ea346"},
    {url = "https://files.pythonhosted.org/packages/97/f6/0bae7bdfb07ca42bf5e3e37dbd0cce02d87dd6e87ea85dff43106dfc1f48/charset_normalizer-3.2.0-cp38-cp38-macosx_10_9_universal2.whl", hash = "sha256:95eb302ff792e12aba9a8b8f8474ab229a83c103d74a750ec0bd1c1eea32e669"},
    {url = "https://files.pythonhosted.org/packages/99/23/7262c6a7c8a8c2ec783886166a432985915f67277bc44020d181e5c04584/charset_normalizer-3.2.0-cp311-cp311-musllinux_1_1_ppc64le.whl", hash = "sha256:7a4826ad2bd6b07ca615c74ab91f32f6c96d08f6fcc3902ceeedaec8cdc3bcd6"},
    {url = "https://files.pythonhosted.org/packages/9c/71/bf12b8e0d6e1d84ed29c3e16ea1efc47ae96487bde823130d12139c434a0/charset_normalizer-3.2.0-cp38-cp38-macosx_11_0_arm64.whl", hash = "sha256:6339d047dab2780cc6220f46306628e04d9750f02f983ddb37439ca47ced7149"},
    {url = "https://files.pythonhosted.org/packages/9c/74/10a518cd27c2c595768f70ddbd7d05c9acb01b26033f79433105ccc73308/charset_normalizer-3.2.0-cp37-cp37m-manylinux_2_17_aarch64.manylinux2014_aarch64.whl", hash = "sha256:41b25eaa7d15909cf3ac4c96088c1f266a9a93ec44f87f1d13d4a0e86c81b982"},
    {url = "https://files.pythonhosted.org/packages/a1/5c/c4ae954751f285c6170c3ef4de04492f88ddb29d218fefbdcbd9fb32ba5c/charset_normalizer-3.2.0-cp311-cp311-win32.whl", hash = "sha256:f2a1d0fd4242bd8643ce6f98927cf9c04540af6efa92323e9d3124f57727bfc1"},
    {url = "https://files.pythonhosted.org/packages/a4/65/057bf29660aae6ade0816457f8db4e749e5c0bfa2366eb5f67db9912fa4c/charset_normalizer-3.2.0-cp310-cp310-manylinux_2_17_x86_64.manylinux2014_x86_64.whl", hash = "sha256:193cbc708ea3aca45e7221ae58f0fd63f933753a9bfb498a3b474878f12caaad"},
    {url = "https://files.pythonhosted.org/packages/ad/0d/9aa61083c35dc21e75a97c0ee53619daf0e5b4fd3b8b4d8bb5e7e56ed302/charset_normalizer-3.2.0-cp38-cp38-manylinux_2_17_aarch64.manylinux2014_aarch64.whl", hash = "sha256:e4b749b9cc6ee664a3300bb3a273c1ca8068c46be705b6c31cf5d276f8628a94"},
    {url = "https://files.pythonhosted.org/packages/af/3d/57e7e401f8db6dd0c56e366d69dc7366173fc549bcd533dea15f2a805000/charset_normalizer-3.2.0-cp311-cp311-manylinux_2_17_ppc64le.manylinux2014_ppc64le.whl", hash = "sha256:2efb1bd13885392adfda4614c33d3b68dee4921fd0ac1d3988f8cbb7d589e72a"},
    {url = "https://files.pythonhosted.org/packages/af/6f/b9b1613a5b672004f08ef3c02242b07406ff36164725ff15207737601de5/charset_normalizer-3.2.0-cp310-cp310-macosx_10_9_universal2.whl", hash = "sha256:0b87549028f680ca955556e3bd57013ab47474c3124dc069faa0b6545b6c9710"},
    {url = "https://files.pythonhosted.org/packages/b6/2a/03e909cad170b0df5ce8b731fecbc872b7b922a1d38da441b5062a89e53f/charset_normalizer-3.2.0-cp311-cp311-musllinux_1_1_i686.whl", hash = "sha256:3170c9399da12c9dc66366e9d14da8bf7147e1e9d9ea566067bbce7bb74bd9c2"},
    {url = "https://files.pythonhosted.org/packages/bc/85/ef25d4ba14c7653c3020a1c6e1a7413e6791ef36a0ac177efa605fc2c737/charset_normalizer-3.2.0-cp311-cp311-manylinux_2_17_x86_64.manylinux2014_x86_64.whl", hash = "sha256:246de67b99b6851627d945db38147d1b209a899311b1305dd84916f2b88526c6"},
    {url = "https://files.pythonhosted.org/packages/bf/a0/188f223c7d8b924fb9b554b9d27e0e7506fd5bf9cfb6dbacb2dfd5832b53/charset_normalizer-3.2.0-py3-none-any.whl", hash = "sha256:8e098148dd37b4ce3baca71fb394c81dc5d9c7728c95df695d2dca218edf40e6"},
    {url = "https://files.pythonhosted.org/packages/c1/92/4e30c977d2dc49ca7f84a053ccefd86097a9d1a220f3e1d1f9932561a992/charset_normalizer-3.2.0-cp310-cp310-win32.whl", hash = "sha256:04e57ab9fbf9607b77f7d057974694b4f6b142da9ed4a199859d9d4d5c63fe96"},
    {url = "https://files.pythonhosted.org/packages/cb/dd/dce14328e6abe0f475e606131298b4c8f628abd62a4e6f27fdfa496b9efe/charset_normalizer-3.2.0-cp39-cp39-win_amd64.whl", hash = "sha256:7095f6fbfaa55defb6b733cfeb14efaae7a29f0b59d8cf213be4e7ca0b857b80"},
    {url = "https://files.pythonhosted.org/packages/cb/e7/5e43745003bf1f90668c7be23fc5952b3a2b9c2558f16749411c18039b36/charset_normalizer-3.2.0-cp38-cp38-manylinux_2_17_x86_64.manylinux2014_x86_64.whl", hash = "sha256:89f1b185a01fe560bc8ae5f619e924407efca2191b56ce749ec84982fc59a32a"},
    {url = "https://files.pythonhosted.org/packages/cb/f9/a652e1b495345000bb7f0e2a960a82ca941db55cb6de158d542918f8b52b/charset_normalizer-3.2.0-cp38-cp38-musllinux_1_1_i686.whl", hash = "sha256:a386ebe437176aab38c041de1260cd3ea459c6ce5263594399880bbc398225b2"},
    {url = "https://files.pythonhosted.org/packages/d3/d8/50a33f82bdf25e71222a55cef146310e3e9fe7d5790be5281d715c012eae/charset_normalizer-3.2.0-cp39-cp39-macosx_11_0_arm64.whl", hash = "sha256:e857a2232ba53ae940d3456f7533ce6ca98b81917d47adc3c7fd55dad8fab858"},
    {url = "https://files.pythonhosted.org/packages/e8/74/077cb06aed5d41118a5803e842943311032ab2fb94cf523be620c5be9911/charset_normalizer-3.2.0-cp310-cp310-musllinux_1_1_i686.whl", hash = "sha256:bf420121d4c8dce6b889f0e8e4ec0ca34b7f40186203f06a946fa0276ba54029"},
    {url = "https://files.pythonhosted.org/packages/e8/ad/ac491a1cf960ec5873c1b0e4fd4b90b66bfed4a1063933612f2da8189eb8/charset_normalizer-3.2.0-cp38-cp38-musllinux_1_1_ppc64le.whl", hash = "sha256:ccd16eb18a849fd8dcb23e23380e2f0a354e8daa0c984b8a732d9cfaba3a776d"},
    {url = "https://files.pythonhosted.org/packages/ec/a7/96835706283d63fefbbbb4f119d52f195af00fc747e67cc54397c56312c8/charset_normalizer-3.2.0-cp310-cp310-macosx_11_0_arm64.whl", hash = "sha256:a103b3a7069b62f5d4890ae1b8f0597618f628b286b03d4bc9195230b154bfa9"},
    {url = "https://files.pythonhosted.org/packages/ed/21/03b4a3533b7a845ee31ed4542ca06debdcf7f12c099ae3dd6773c275b0df/charset_normalizer-3.2.0-cp39-cp39-musllinux_1_1_i686.whl", hash = "sha256:f7560358a6811e52e9c4d142d497f1a6e10103d3a6881f18d04dbce3729c0e2c"},
    {url = "https://files.pythonhosted.org/packages/ee/ff/997d61ca61efe90662181f494c8e9fdac14e32de26cc6cb7c7a3fe96c862/charset_normalizer-3.2.0-cp37-cp37m-musllinux_1_1_aarch64.whl", hash = "sha256:ee4006268ed33370957f55bf2e6f4d263eaf4dc3cfc473d1d90baff6ed36ce4a"},
    {url = "https://files.pythonhosted.org/packages/f0/24/7e6c604d80a8eb4378cb075647e65b7905f06645243b43c79fe4b7487ed7/charset_normalizer-3.2.0-cp310-cp310-manylinux_2_17_aarch64.manylinux2014_aarch64.whl", hash = "sha256:94aea8eff76ee6d1cdacb07dd2123a68283cb5569e0250feab1240058f53b623"},
    {url = "https://files.pythonhosted.org/packages/f1/f2/ef1479e741a7ed166b8253987071b2cf2d2b727fc8fa081520e3f7c97e44/charset_normalizer-3.2.0-cp310-cp310-manylinux_2_17_ppc64le.manylinux2014_ppc64le.whl", hash = "sha256:db901e2ac34c931d73054d9797383d0f8009991e723dab15109740a63e7f902a"},
    {url = "https://files.pythonhosted.org/packages/f2/e8/d9651a0afd4ee792207b24bd1d438ed750f1c0f29df62bd73d24ded428f9/charset_normalizer-3.2.0-cp39-cp39-musllinux_1_1_x86_64.whl", hash = "sha256:1249cbbf3d3b04902ff081ffbb33ce3377fa6e4c7356f759f3cd076cc138d020"},
    {url = "https://files.pythonhosted.org/packages/f4/39/b024eb6c2a2b8136f1f48fd2f2eee22ed98fbfe3cd7ddf81dad2b8dd3c1b/charset_normalizer-3.2.0-cp38-cp38-musllinux_1_1_aarch64.whl", hash = "sha256:2f4ac36d8e2b4cc1aa71df3dd84ff8efbe3bfb97ac41242fbcfc053c67434f46"},
    {url = "https://files.pythonhosted.org/packages/f5/50/410da81fd67eb1becef9d633f6aae9f6e296f60126cfc3d19631f7919f76/charset_normalizer-3.2.0-cp310-cp310-musllinux_1_1_s390x.whl", hash = "sha256:aaf63899c94de41fe3cf934601b0f7ccb6b428c6e4eeb80da72c58eab077b19a"},
    {url = "https://files.pythonhosted.org/packages/f9/0d/514be8597d7a96243e5467a37d337b9399cec117a513fcf9328405d911c0/charset_normalizer-3.2.0-cp39-cp39-manylinux_2_17_x86_64.manylinux2014_x86_64.whl", hash = "sha256:8700f06d0ce6f128de3ccdbc1acaea1ee264d2caa9ca05daaf492fde7c2a7200"},
    {url = "https://files.pythonhosted.org/packages/fd/17/0a1dba835ec37a3cc025f5c49653effb23f8cd391dea5e60a5696d639a92/charset_normalizer-3.2.0-cp311-cp311-musllinux_1_1_aarch64.whl", hash = "sha256:8c2f5e83493748286002f9369f3e6607c565a6a90425a3a1fef5ae32a36d749d"},
]
"idna 3.4" = [
    {url = "https://files.pythonhosted.org/packages/8b/e1/43beb3d38dba6cb420cefa297822eac205a277ab43e5ba5d5c46faf96438/idna-3.4.tar.gz", hash = "sha256:814f528e8dead7d329833b91c5faa87d60bf71824cd12a7530b5526063d02cb4"},
    {url = "https://files.pythonhosted.org/packages/fc/34/3030de6f1370931b9dbb4dad48f6ab1015ab1d32447850b9fc94e60097be/idna-3.4-py3-none-any.whl", hash = "sha256:90b77e79eaa3eba6de819a0c442c0b4ceefc341a7a2ab77d7562bf49f425c5c2"},
]
"pi 0.1.2" = [
    {url = "https://files.pythonhosted.org/packages/c5/49/b6bf523a86a63dd364ae0fb6df85645961af166855cf038b361a31d5d504/pi-0.1.2.tar.gz", hash = "sha256:8d503a790317f7fbce7469c4160e44b1c76492571b2b0c0596636a1794800f75"},
]
"requests 2.31.0" = [
    {url = "https://files.pythonhosted.org/packages/70/8e/0e2d847013cb52cd35b38c009bb167a1a26b2ce6cd6965bf26b47bc0bf44/requests-2.31.0-py3-none-any.whl", hash = "sha256:58cd2187c01e70e6e26505bca751777aa9f2ee0b7f4300988b709f44e013003f"},
    {url = "https://files.pythonhosted.org/packages/9d/be/10918a2eac4ae9f02f6cfe6414b7a155ccd8f7f9d4380d62fd5b955065c3/requests-2.31.0.tar.gz", hash = "sha256:942c5a758f98d790eaed1a29cb6eefc7ffb0d1cf7af05c3d2791656dbd6ad1e1"},
]
"urllib3 2.0.5" = [
    {url = "https://files.pythonhosted.org/packages/37/dc/399e63f5d1d96bb643404ee830657f4dfcf8503f5ba8fa3c6d465d0c57fe/urllib3-2.0.5-py3-none-any.whl", hash = "sha256:ef16afa8ba34a1f989db38e1dbbe0c302e4289a47856990d0682e374563ce35e"},
    {url = "https://files.pythonhosted.org/packages/51/13/62cb4a0af89fdf72db4a0ead8026e724c7f3cbf69706d84a4eff439be853/urllib3-2.0.5.tar.gz", hash = "sha256:13abf37382ea2ce6fb744d4dad67838eec857c9f4f57009891805e0b5e123594"},
]
