# THIS IS AN AUTOGENERATED FILE. DO NOT EDIT THIS FILE DIRECTLY.
# yarn lockfile v1


"browser-image-resizer@git+https://github.com/misskey-dev/browser-image-resizer#v2.2.1-misskey.2":
  version "2.2.1-misskey.2"
  resolved "git+https://github.com/misskey-dev/browser-image-resizer#a58834f5fe2af9f9f31ff115121aef3de6f9d416"
